
Microsoft Visual Studio Solution File, Format Version 12.00
# Visual Studio 14
VisualStudioVersion = 14.0.25123.0
MinimumVisualStudioVersion = 10.0.40219.1
Project("{2150E333-8FDC-42A3-9474-1A3956D46DE8}") = "Client", "Client", "{F4B1B772-3C4E-41A9-B391-13588CD8FE0E}"
EndProject
Project("{2150E333-8FDC-42A3-9474-1A3956D46DE8}") = "Server", "Server", "{29B4724C-54AF-47FA-ADAD-B8BE6CAF5FCC}"
EndProject
Project("{8BC9CEB8-8B4A-11D0-8D11-00A0C91BC942}") = "Client.Launcher", "Client\Client.Launcher\Client.Launcher.vcxproj", "{91078F02-5C23-4458-AE68-F442CE01C4AA}"
	ProjectSection(ProjectDependencies) = postProject
		{0D9133BD-1415-4462-BD64-85DCB237BC87} = {0D9133BD-1415-4462-BD64-85DCB237BC87}
		{288B71C8-9FEB-449E-9E3B-0D7652AF0D82} = {288B71C8-9FEB-449E-9E3B-0D7652AF0D82}
	EndProjectSection
EndProject
Project("{8BC9CEB8-8B4A-11D0-8D11-00A0C91BC942}") = "Client.Core", "Client\Client.Core\Client.Core.vcxproj", "{2C4BAD8D-3EBD-4919-B7AB-69B36DF25F10}"
EndProject
Project("{2150E333-8FDC-42A3-9474-1A3956D46DE8}") = "Vendor", "Vendor", "{198CFF9F-50E3-4B53-AAD3-1278349E03DE}"
EndProject
Project("{8BC9CEB8-8B4A-11D0-8D11-00A0C91BC942}") = "FW1FontWrapper", "Vendor\FW1FontWrapper\FW1FontWrapper.vcxproj", "{9F62DB07-EA42-4388-82AB-E6FAA371F353}"
EndProject
Project("{8BC9CEB8-8B4A-11D0-8D11-00A0C91BC942}") = "Client.Network", "Client\Client.Network\Client.Network.vcxproj", "{600299D7-7501-49C5-9A25-48378F5085BA}"
EndProject
Project("{8BC9CEB8-8B4A-11D0-8D11-00A0C91BC942}") = "Client.Shared", "Client\Client.Shared\Client.Shared.vcxproj", "{288B71C8-9FEB-449E-9E3B-0D7652AF0D82}"
EndProject
Project("{8BC9CEB8-8B4A-11D0-8D11-00A0C91BC942}") = "Enet", "Vendor\Enet\Enet.vcxproj", "{8BE64469-5A8B-4DE3-9402-4A657A20DEAB}"
EndProject
Project("{2150E333-8FDC-42A3-9474-1A3956D46DE8}") = "Common", "Common", "{C4FA1D30-1EF2-48FF-A512-9429AF9B92D5}"
EndProject
Project("{8BC9CEB8-8B4A-11D0-8D11-00A0C91BC942}") = "Common.Shared", "Common\Common.Shared\Common.Shared.vcxproj", "{0D9133BD-1415-4462-BD64-85DCB237BC87}"
EndProject
Project("{8BC9CEB8-8B4A-11D0-8D11-00A0C91BC942}") = "Server.App", "Server\Server.App\Server.App.vcxproj", "{DC7290C0-4211-4213-A2F8-662AB8FB6573}"
	ProjectSection(ProjectDependencies) = postProject
		{8BE64469-5A8B-4DE3-9402-4A657A20DEAB} = {8BE64469-5A8B-4DE3-9402-4A657A20DEAB}
		{0D9133BD-1415-4462-BD64-85DCB237BC87} = {0D9133BD-1415-4462-BD64-85DCB237BC87}
	EndProjectSection
EndProject
Project("{8BC9CEB8-8B4A-11D0-8D11-00A0C91BC942}") = "Client.Dummy", "Client\Client.Dummy\Client.Dummy.vcxproj", "{63A1C39F-3077-44CF-9D2D-C9AEDB123E0D}"
	ProjectSection(ProjectDependencies) = postProject
		{8BE64469-5A8B-4DE3-9402-4A657A20DEAB} = {8BE64469-5A8B-4DE3-9402-4A657A20DEAB}
		{0D9133BD-1415-4462-BD64-85DCB237BC87} = {0D9133BD-1415-4462-BD64-85DCB237BC87}
		{288B71C8-9FEB-449E-9E3B-0D7652AF0D82} = {288B71C8-9FEB-449E-9E3B-0D7652AF0D82}
		{600299D7-7501-49C5-9A25-48378F5085BA} = {600299D7-7501-49C5-9A25-48378F5085BA}
	EndProjectSection
EndProject
Project("{2150E333-8FDC-42A3-9474-1A3956D46DE8}") = "Testing", "Testing", "{E1F6BF30-6BE9-4675-A19A-CE6AD9207171}"
EndProject
Project("{8BC9CEB8-8B4A-11D0-8D11-00A0C91BC942}") = "Testing.Tests", "Testing\Testing.Tests\Testing.Tests.vcxproj", "{A5C52314-4128-45C0-AADB-F3B5B908CFB6}"
	ProjectSection(ProjectDependencies) = postProject
		{91078F02-5C23-4458-AE68-F442CE01C4AA} = {91078F02-5C23-4458-AE68-F442CE01C4AA}
		{9F62DB07-EA42-4388-82AB-E6FAA371F353} = {9F62DB07-EA42-4388-82AB-E6FAA371F353}
		{B54F2232-71A8-4984-A8D9-9E04BFDB2123} = {B54F2232-71A8-4984-A8D9-9E04BFDB2123}
		{5B827056-2615-41F6-9F32-C91766BA7EDE} = {5B827056-2615-41F6-9F32-C91766BA7EDE}
		{8BE64469-5A8B-4DE3-9402-4A657A20DEAB} = {8BE64469-5A8B-4DE3-9402-4A657A20DEAB}
		{2C4BAD8D-3EBD-4919-B7AB-69B36DF25F10} = {2C4BAD8D-3EBD-4919-B7AB-69B36DF25F10}
		{63A1C39F-3077-44CF-9D2D-C9AEDB123E0D} = {63A1C39F-3077-44CF-9D2D-C9AEDB123E0D}
		{46DDBFB0-2576-4E77-AE7D-BF8334F18AD4} = {46DDBFB0-2576-4E77-AE7D-BF8334F18AD4}
		{0D9133BD-1415-4462-BD64-85DCB237BC87} = {0D9133BD-1415-4462-BD64-85DCB237BC87}
		{DC7290C0-4211-4213-A2F8-662AB8FB6573} = {DC7290C0-4211-4213-A2F8-662AB8FB6573}
		{288B71C8-9FEB-449E-9E3B-0D7652AF0D82} = {288B71C8-9FEB-449E-9E3B-0D7652AF0D82}
		{600299D7-7501-49C5-9A25-48378F5085BA} = {600299D7-7501-49C5-9A25-48378F5085BA}
	EndProjectSection
EndProject
Project("{8BC9CEB8-8B4A-11D0-8D11-00A0C91BC942}") = "Testing.GoogleTest", "Testing\Testing.GoogleTest\Testing.GoogleTest.vcxproj", "{46DDBFB0-2576-4E77-AE7D-BF8334F18AD4}"
EndProject
Project("{8BC9CEB8-8B4A-11D0-8D11-00A0C91BC942}") = "Testing.GoogleMock", "Testing\Testing.GoogleMock\Testing.GoogleMock.vcxproj", "{B54F2232-71A8-4984-A8D9-9E04BFDB2123}"
EndProject
Project("{8BC9CEB8-8B4A-11D0-8D11-00A0C91BC942}") = "Client.Library", "Client\Client.Library\Client.Library.vcxproj", "{5B827056-2615-41F6-9F32-C91766BA7EDE}"
	ProjectSection(ProjectDependencies) = postProject
		{9F62DB07-EA42-4388-82AB-E6FAA371F353} = {9F62DB07-EA42-4388-82AB-E6FAA371F353}
		{8BE64469-5A8B-4DE3-9402-4A657A20DEAB} = {8BE64469-5A8B-4DE3-9402-4A657A20DEAB}
		{2C4BAD8D-3EBD-4919-B7AB-69B36DF25F10} = {2C4BAD8D-3EBD-4919-B7AB-69B36DF25F10}
		{0D9133BD-1415-4462-BD64-85DCB237BC87} = {0D9133BD-1415-4462-BD64-85DCB237BC87}
		{288B71C8-9FEB-449E-9E3B-0D7652AF0D82} = {288B71C8-9FEB-449E-9E3B-0D7652AF0D82}
		{600299D7-7501-49C5-9A25-48378F5085BA} = {600299D7-7501-49C5-9A25-48378F5085BA}
	EndProjectSection
EndProject
Global
	GlobalSection(SolutionConfigurationPlatforms) = preSolution
		Release|x64 = Release|x64
	EndGlobalSection
	GlobalSection(ProjectConfigurationPlatforms) = postSolution
		{91078F02-5C23-4458-AE68-F442CE01C4AA}.Release|x64.ActiveCfg = Release|x64
		{91078F02-5C23-4458-AE68-F442CE01C4AA}.Release|x64.Build.0 = Release|x64
		{2C4BAD8D-3EBD-4919-B7AB-69B36DF25F10}.Release|x64.ActiveCfg = Release|x64
		{2C4BAD8D-3EBD-4919-B7AB-69B36DF25F10}.Release|x64.Build.0 = Release|x64
		{9F62DB07-EA42-4388-82AB-E6FAA371F353}.Release|x64.ActiveCfg = Release|x64
		{9F62DB07-EA42-4388-82AB-E6FAA371F353}.Release|x64.Build.0 = Release|x64
		{600299D7-7501-49C5-9A25-48378F5085BA}.Release|x64.ActiveCfg = Release|x64
		{600299D7-7501-49C5-9A25-48378F5085BA}.Release|x64.Build.0 = Release|x64
		{288B71C8-9FEB-449E-9E3B-0D7652AF0D82}.Release|x64.ActiveCfg = Release|x64
		{288B71C8-9FEB-449E-9E3B-0D7652AF0D82}.Release|x64.Build.0 = Release|x64
		{8BE64469-5A8B-4DE3-9402-4A657A20DEAB}.Release|x64.ActiveCfg = Release|x64
		{8BE64469-5A8B-4DE3-9402-4A657A20DEAB}.Release|x64.Build.0 = Release|x64
		{0D9133BD-1415-4462-BD64-85DCB237BC87}.Release|x64.ActiveCfg = Release|x64
		{0D9133BD-1415-4462-BD64-85DCB237BC87}.Release|x64.Build.0 = Release|x64
		{DC7290C0-4211-4213-A2F8-662AB8FB6573}.Release|x64.ActiveCfg = Release|x64
		{DC7290C0-4211-4213-A2F8-662AB8FB6573}.Release|x64.Build.0 = Release|x64
		{63A1C39F-3077-44CF-9D2D-C9AEDB123E0D}.Release|x64.ActiveCfg = Release|x64
		{63A1C39F-3077-44CF-9D2D-C9AEDB123E0D}.Release|x64.Build.0 = Release|x64
		{A5C52314-4128-45C0-AADB-F3B5B908CFB6}.Release|x64.ActiveCfg = Release|x64
		{A5C52314-4128-45C0-AADB-F3B5B908CFB6}.Release|x64.Build.0 = Release|x64
		{46DDBFB0-2576-4E77-AE7D-BF8334F18AD4}.Release|x64.ActiveCfg = Release|x64
		{46DDBFB0-2576-4E77-AE7D-BF8334F18AD4}.Release|x64.Build.0 = Release|x64
		{B54F2232-71A8-4984-A8D9-9E04BFDB2123}.Release|x64.ActiveCfg = Release|x64
		{B54F2232-71A8-4984-A8D9-9E04BFDB2123}.Release|x64.Build.0 = Release|x64
		{5B827056-2615-41F6-9F32-C91766BA7EDE}.Release|x64.ActiveCfg = Release|x64
		{5B827056-2615-41F6-9F32-C91766BA7EDE}.Release|x64.Build.0 = Release|x64
	EndGlobalSection
	GlobalSection(SolutionProperties) = preSolution
		HideSolutionNode = FALSE
	EndGlobalSection
	GlobalSection(NestedProjects) = preSolution
		{91078F02-5C23-4458-AE68-F442CE01C4AA} = {F4B1B772-3C4E-41A9-B391-13588CD8FE0E}
		{2C4BAD8D-3EBD-4919-B7AB-69B36DF25F10} = {F4B1B772-3C4E-41A9-B391-13588CD8FE0E}
		{9F62DB07-EA42-4388-82AB-E6FAA371F353} = {198CFF9F-50E3-4B53-AAD3-1278349E03DE}
		{600299D7-7501-49C5-9A25-48378F5085BA} = {F4B1B772-3C4E-41A9-B391-13588CD8FE0E}
		{288B71C8-9FEB-449E-9E3B-0D7652AF0D82} = {F4B1B772-3C4E-41A9-B391-13588CD8FE0E}
		{8BE64469-5A8B-4DE3-9402-4A657A20DEAB} = {198CFF9F-50E3-4B53-AAD3-1278349E03DE}
		{0D9133BD-1415-4462-BD64-85DCB237BC87} = {C4FA1D30-1EF2-48FF-A512-9429AF9B92D5}
		{DC7290C0-4211-4213-A2F8-662AB8FB6573} = {29B4724C-54AF-47FA-ADAD-B8BE6CAF5FCC}
		{63A1C39F-3077-44CF-9D2D-C9AEDB123E0D} = {F4B1B772-3C4E-41A9-B391-13588CD8FE0E}
		{A5C52314-4128-45C0-AADB-F3B5B908CFB6} = {E1F6BF30-6BE9-4675-A19A-CE6AD9207171}
		{46DDBFB0-2576-4E77-AE7D-BF8334F18AD4} = {E1F6BF30-6BE9-4675-A19A-CE6AD9207171}
		{B54F2232-71A8-4984-A8D9-9E04BFDB2123} = {E1F6BF30-6BE9-4675-A19A-CE6AD9207171}
		{5B827056-2615-41F6-9F32-C91766BA7EDE} = {F4B1B772-3C4E-41A9-B391-13588CD8FE0E}
	EndGlobalSection
EndGlobal
