
Microsoft Visual Studio Solution File, Format Version 12.00
# Visual Studio 14
VisualStudioVersion = 14.0.25123.0
MinimumVisualStudioVersion = 10.0.40219.1
Project("{2150E333-8FDC-42A3-9474-1A3956D46DE8}") = "Client", "Client", "{F4B1B772-3C4E-41A9-B391-13588CD8FE0E}"
EndProject
Project("{2150E333-8FDC-42A3-9474-1A3956D46DE8}") = "Server", "Server", "{29B4724C-54AF-47FA-ADAD-B8BE6CAF5FCC}"
EndProject
Project("{8BC9CEB8-8B4A-11D0-8D11-00A0C91BC942}") = "Client.Application", "Client\Client.Application\Client.Application.vcxproj", "{91078F02-5C23-4458-AE68-F442CE01C4AA}"
	ProjectSection(ProjectDependencies) = postProject
		{9F62DB07-EA42-4388-82AB-E6FAA371F353} = {9F62DB07-EA42-4388-82AB-E6FAA371F353}
		{2A90A043-78EA-49FE-9728-B9C97D47F9B1} = {2A90A043-78EA-49FE-9728-B9C97D47F9B1}
		{EE33EA5D-C0DF-491B-914F-E149C89E6E73} = {EE33EA5D-C0DF-491B-914F-E149C89E6E73}
		{8BE64469-5A8B-4DE3-9402-4A657A20DEAB} = {8BE64469-5A8B-4DE3-9402-4A657A20DEAB}
		{FE259592-7484-4A90-ABE5-DB67ACB0BF5C} = {FE259592-7484-4A90-ABE5-DB67ACB0BF5C}
		{0D9133BD-1415-4462-BD64-85DCB237BC87} = {0D9133BD-1415-4462-BD64-85DCB237BC87}
		{288B71C8-9FEB-449E-9E3B-0D7652AF0D82} = {288B71C8-9FEB-449E-9E3B-0D7652AF0D82}
	EndProjectSection
EndProject
Project("{8BC9CEB8-8B4A-11D0-8D11-00A0C91BC942}") = "Client.Core", "Client\Client.Core\Client.Core.vcxproj", "{2C4BAD8D-3EBD-4919-B7AB-69B36DF25F10}"
EndProject
Project("{2150E333-8FDC-42A3-9474-1A3956D46DE8}") = "Vendor", "Vendor", "{198CFF9F-50E3-4B53-AAD3-1278349E03DE}"
EndProject
Project("{8BC9CEB8-8B4A-11D0-8D11-00A0C91BC942}") = "FW1FontWrapper", "Vendor\FW1FontWrapper\FW1FontWrapper.vcxproj", "{9F62DB07-EA42-4388-82AB-E6FAA371F353}"
EndProject
Project("{8BC9CEB8-8B4A-11D0-8D11-00A0C91BC942}") = "Client.Network", "Client\Client.Network\Client.Network.vcxproj", "{600299D7-7501-49C5-9A25-48378F5085BA}"
EndProject
Project("{8BC9CEB8-8B4A-11D0-8D11-00A0C91BC942}") = "Client.Shared", "Client\Client.Shared\Client.Shared.vcxproj", "{288B71C8-9FEB-449E-9E3B-0D7652AF0D82}"
EndProject
Project("{8BC9CEB8-8B4A-11D0-8D11-00A0C91BC942}") = "Enet", "Vendor\Enet\Enet.vcxproj", "{8BE64469-5A8B-4DE3-9402-4A657A20DEAB}"
EndProject
Project("{2150E333-8FDC-42A3-9474-1A3956D46DE8}") = "Common", "Common", "{C4FA1D30-1EF2-48FF-A512-9429AF9B92D5}"
EndProject
Project("{8BC9CEB8-8B4A-11D0-8D11-00A0C91BC942}") = "Common.Shared", "Common\Common.Shared\Common.Shared.vcxproj", "{0D9133BD-1415-4462-BD64-85DCB237BC87}"
EndProject
Project("{8BC9CEB8-8B4A-11D0-8D11-00A0C91BC942}") = "Server.Application", "Server\Server.Application\Server.Application.vcxproj", "{DC7290C0-4211-4213-A2F8-662AB8FB6573}"
	ProjectSection(ProjectDependencies) = postProject
		{2A90A043-78EA-49FE-9728-B9C97D47F9B1} = {2A90A043-78EA-49FE-9728-B9C97D47F9B1}
		{8BE64469-5A8B-4DE3-9402-4A657A20DEAB} = {8BE64469-5A8B-4DE3-9402-4A657A20DEAB}
		{0D9133BD-1415-4462-BD64-85DCB237BC87} = {0D9133BD-1415-4462-BD64-85DCB237BC87}
	EndProjectSection
EndProject
Project("{8BC9CEB8-8B4A-11D0-8D11-00A0C91BC942}") = "Client.Dummy", "Client\Client.Dummy\Client.Dummy.vcxproj", "{63A1C39F-3077-44CF-9D2D-C9AEDB123E0D}"
	ProjectSection(ProjectDependencies) = postProject
		{9F62DB07-EA42-4388-82AB-E6FAA371F353} = {9F62DB07-EA42-4388-82AB-E6FAA371F353}
		{2A90A043-78EA-49FE-9728-B9C97D47F9B1} = {2A90A043-78EA-49FE-9728-B9C97D47F9B1}
		{8BE64469-5A8B-4DE3-9402-4A657A20DEAB} = {8BE64469-5A8B-4DE3-9402-4A657A20DEAB}
		{0D9133BD-1415-4462-BD64-85DCB237BC87} = {0D9133BD-1415-4462-BD64-85DCB237BC87}
		{288B71C8-9FEB-449E-9E3B-0D7652AF0D82} = {288B71C8-9FEB-449E-9E3B-0D7652AF0D82}
		{600299D7-7501-49C5-9A25-48378F5085BA} = {600299D7-7501-49C5-9A25-48378F5085BA}
	EndProjectSection
EndProject
Project("{2150E333-8FDC-42A3-9474-1A3956D46DE8}") = "Testing", "Testing", "{E1F6BF30-6BE9-4675-A19A-CE6AD9207171}"
EndProject
Project("{8BC9CEB8-8B4A-11D0-8D11-00A0C91BC942}") = "Testing.Tests", "Testing\Testing.Tests\Testing.Tests.vcxproj", "{A5C52314-4128-45C0-AADB-F3B5B908CFB6}"
	ProjectSection(ProjectDependencies) = postProject
		{91078F02-5C23-4458-AE68-F442CE01C4AA} = {91078F02-5C23-4458-AE68-F442CE01C4AA}
		{9F62DB07-EA42-4388-82AB-E6FAA371F353} = {9F62DB07-EA42-4388-82AB-E6FAA371F353}
		{B54F2232-71A8-4984-A8D9-9E04BFDB2123} = {B54F2232-71A8-4984-A8D9-9E04BFDB2123}
		{2A90A043-78EA-49FE-9728-B9C97D47F9B1} = {2A90A043-78EA-49FE-9728-B9C97D47F9B1}
		{5B827056-2615-41F6-9F32-C91766BA7EDE} = {5B827056-2615-41F6-9F32-C91766BA7EDE}
		{8BE64469-5A8B-4DE3-9402-4A657A20DEAB} = {8BE64469-5A8B-4DE3-9402-4A657A20DEAB}
		{2C4BAD8D-3EBD-4919-B7AB-69B36DF25F10} = {2C4BAD8D-3EBD-4919-B7AB-69B36DF25F10}
		{63A1C39F-3077-44CF-9D2D-C9AEDB123E0D} = {63A1C39F-3077-44CF-9D2D-C9AEDB123E0D}
		{46DDBFB0-2576-4E77-AE7D-BF8334F18AD4} = {46DDBFB0-2576-4E77-AE7D-BF8334F18AD4}
		{0D9133BD-1415-4462-BD64-85DCB237BC87} = {0D9133BD-1415-4462-BD64-85DCB237BC87}
		{DC7290C0-4211-4213-A2F8-662AB8FB6573} = {DC7290C0-4211-4213-A2F8-662AB8FB6573}
		{288B71C8-9FEB-449E-9E3B-0D7652AF0D82} = {288B71C8-9FEB-449E-9E3B-0D7652AF0D82}
		{600299D7-7501-49C5-9A25-48378F5085BA} = {600299D7-7501-49C5-9A25-48378F5085BA}
	EndProjectSection
EndProject
Project("{8BC9CEB8-8B4A-11D0-8D11-00A0C91BC942}") = "Testing.GoogleTest", "Testing\Testing.GoogleTest\Testing.GoogleTest.vcxproj", "{46DDBFB0-2576-4E77-AE7D-BF8334F18AD4}"
EndProject
Project("{8BC9CEB8-8B4A-11D0-8D11-00A0C91BC942}") = "Testing.GoogleMock", "Testing\Testing.GoogleMock\Testing.GoogleMock.vcxproj", "{B54F2232-71A8-4984-A8D9-9E04BFDB2123}"
EndProject
Project("{8BC9CEB8-8B4A-11D0-8D11-00A0C91BC942}") = "Client.Library", "Client\Client.Library\Client.Library.vcxproj", "{5B827056-2615-41F6-9F32-C91766BA7EDE}"
	ProjectSection(ProjectDependencies) = postProject
		{9F62DB07-EA42-4388-82AB-E6FAA371F353} = {9F62DB07-EA42-4388-82AB-E6FAA371F353}
		{2A90A043-78EA-49FE-9728-B9C97D47F9B1} = {2A90A043-78EA-49FE-9728-B9C97D47F9B1}
		{26DAA849-8951-7A41-BEED-C4527F23D6F0} = {26DAA849-8951-7A41-BEED-C4527F23D6F0}
		{8BE64469-5A8B-4DE3-9402-4A657A20DEAB} = {8BE64469-5A8B-4DE3-9402-4A657A20DEAB}
		{3B13137B-CDA2-F544-862E-F08FAD08D473} = {3B13137B-CDA2-F544-862E-F08FAD08D473}
		{2C4BAD8D-3EBD-4919-B7AB-69B36DF25F10} = {2C4BAD8D-3EBD-4919-B7AB-69B36DF25F10}
		{D13D649C-8203-D34B-9392-A2976CA61C43} = {D13D649C-8203-D34B-9392-A2976CA61C43}
		{0D9133BD-1415-4462-BD64-85DCB237BC87} = {0D9133BD-1415-4462-BD64-85DCB237BC87}
		{288B71C8-9FEB-449E-9E3B-0D7652AF0D82} = {288B71C8-9FEB-449E-9E3B-0D7652AF0D82}
		{600299D7-7501-49C5-9A25-48378F5085BA} = {600299D7-7501-49C5-9A25-48378F5085BA}
		{85E9BBF6-200E-4E47-892B-0D9162FFB038} = {85E9BBF6-200E-4E47-892B-0D9162FFB038}
	EndProjectSection
EndProject
Project("{8BC9CEB8-8B4A-11D0-8D11-00A0C91BC942}") = "Client.dinput8", "Client\Client.dinput8\Client.dinput8.vcxproj", "{FE3BC27D-9B4F-4063-A6A5-04B38F79AD64}"
	ProjectSection(ProjectDependencies) = postProject
		{2A90A043-78EA-49FE-9728-B9C97D47F9B1} = {2A90A043-78EA-49FE-9728-B9C97D47F9B1}
	EndProjectSection
EndProject
Project("{8BC9CEB8-8B4A-11D0-8D11-00A0C91BC942}") = "Common.Version", "Common\Common.Version\Common.Version.vcxproj", "{2A90A043-78EA-49FE-9728-B9C97D47F9B1}"
EndProject
Project("{2150E333-8FDC-42A3-9474-1A3956D46DE8}") = "GWEN", "GWEN", "{C7331206-133C-42BE-BDB1-7611F57AC8FD}"
EndProject
Project("{8BC9CEB8-8B4A-11D0-8D11-00A0C91BC942}") = "GWEN-Static", "Vendor\GWEN\Projects\GWEN-Static.vcxproj", "{26DAA849-8951-7A41-BEED-C4527F23D6F0}"
EndProject
Project("{8BC9CEB8-8B4A-11D0-8D11-00A0C91BC942}") = "GWEN-DLL", "Vendor\GWEN\Projects\GWEN-DLL.vcxproj", "{D13D649C-8203-D34B-9392-A2976CA61C43}"
EndProject
Project("{8BC9CEB8-8B4A-11D0-8D11-00A0C91BC942}") = "ControlFactory", "Vendor\GWEN\Projects\ControlFactory.vcxproj", "{3ACA3994-4671-854D-994B-69E4E9BCBD45}"
EndProject
Project("{8BC9CEB8-8B4A-11D0-8D11-00A0C91BC942}") = "Renderer-DirectX11", "Vendor\GWEN\Projects\Renderer-DirectX11.vcxproj", "{85E9BBF6-200E-4E47-892B-0D9162FFB038}"
EndProject
Project("{8BC9CEB8-8B4A-11D0-8D11-00A0C91BC942}") = "UnitTest", "Vendor\GWEN\Projects\UnitTest.vcxproj", "{3B13137B-CDA2-F544-862E-F08FAD08D473}"
EndProject
Project("{8BC9CEB8-8B4A-11D0-8D11-00A0C91BC942}") = "Client.DummyThreaded", "Client\Client.DummyThreaded\Client.DummyThreaded.vcxproj", "{8A606C32-3A4C-43B8-9EDD-00719476DC41}"
	ProjectSection(ProjectDependencies) = postProject
		{2A90A043-78EA-49FE-9728-B9C97D47F9B1} = {2A90A043-78EA-49FE-9728-B9C97D47F9B1}
		{5B827056-2615-41F6-9F32-C91766BA7EDE} = {5B827056-2615-41F6-9F32-C91766BA7EDE}
		{8BE64469-5A8B-4DE3-9402-4A657A20DEAB} = {8BE64469-5A8B-4DE3-9402-4A657A20DEAB}
		{2C4BAD8D-3EBD-4919-B7AB-69B36DF25F10} = {2C4BAD8D-3EBD-4919-B7AB-69B36DF25F10}
		{0D9133BD-1415-4462-BD64-85DCB237BC87} = {0D9133BD-1415-4462-BD64-85DCB237BC87}
		{288B71C8-9FEB-449E-9E3B-0D7652AF0D82} = {288B71C8-9FEB-449E-9E3B-0D7652AF0D82}
		{600299D7-7501-49C5-9A25-48378F5085BA} = {600299D7-7501-49C5-9A25-48378F5085BA}
	EndProjectSection
EndProject
Project("{2150E333-8FDC-42A3-9474-1A3956D46DE8}") = "Util", "Util", "{16F304F7-5C65-4E69-B286-23F00DDE6C96}"
EndProject
Project("{8BC9CEB8-8B4A-11D0-8D11-00A0C91BC942}") = "Util.Package2JS", "Util\Util.Package2JS\Util.Package2JS.vcxproj", "{2AB43521-E722-408B-99ED-06244D60EFEB}"
EndProject
Project("{8BC9CEB8-8B4A-11D0-8D11-00A0C91BC942}") = "Client.Steam", "Client\Client.Steam\Client.Steam.vcxproj", "{FE259592-7484-4A90-ABE5-DB67ACB0BF5C}"
EndProject
Project("{8BC9CEB8-8B4A-11D0-8D11-00A0C91BC942}") = "libudis86", "Vendor\udis86\libudis86.vcxproj", "{EE33EA5D-C0DF-491B-914F-E149C89E6E73}"
EndProject
Global
	GlobalSection(SolutionConfigurationPlatforms) = preSolution
		Debug|x64 = Debug|x64
		Release|x64 = Release|x64
	EndGlobalSection
	GlobalSection(ProjectConfigurationPlatforms) = postSolution
		{91078F02-5C23-4458-AE68-F442CE01C4AA}.Debug|x64.ActiveCfg = Debug|x64
		{91078F02-5C23-4458-AE68-F442CE01C4AA}.Debug|x64.Build.0 = Debug|x64
		{91078F02-5C23-4458-AE68-F442CE01C4AA}.Release|x64.ActiveCfg = Release|x64
		{91078F02-5C23-4458-AE68-F442CE01C4AA}.Release|x64.Build.0 = Release|x64
		{2C4BAD8D-3EBD-4919-B7AB-69B36DF25F10}.Debug|x64.ActiveCfg = Debug|x64
		{2C4BAD8D-3EBD-4919-B7AB-69B36DF25F10}.Debug|x64.Build.0 = Debug|x64
		{2C4BAD8D-3EBD-4919-B7AB-69B36DF25F10}.Release|x64.ActiveCfg = Release|x64
		{2C4BAD8D-3EBD-4919-B7AB-69B36DF25F10}.Release|x64.Build.0 = Release|x64
		{9F62DB07-EA42-4388-82AB-E6FAA371F353}.Debug|x64.ActiveCfg = Debug|x64
		{9F62DB07-EA42-4388-82AB-E6FAA371F353}.Debug|x64.Build.0 = Debug|x64
		{9F62DB07-EA42-4388-82AB-E6FAA371F353}.Release|x64.ActiveCfg = Release|x64
		{9F62DB07-EA42-4388-82AB-E6FAA371F353}.Release|x64.Build.0 = Release|x64
		{600299D7-7501-49C5-9A25-48378F5085BA}.Debug|x64.ActiveCfg = Debug|x64
		{600299D7-7501-49C5-9A25-48378F5085BA}.Debug|x64.Build.0 = Debug|x64
		{600299D7-7501-49C5-9A25-48378F5085BA}.Release|x64.ActiveCfg = Release|x64
		{600299D7-7501-49C5-9A25-48378F5085BA}.Release|x64.Build.0 = Release|x64
		{288B71C8-9FEB-449E-9E3B-0D7652AF0D82}.Debug|x64.ActiveCfg = Debug|x64
		{288B71C8-9FEB-449E-9E3B-0D7652AF0D82}.Debug|x64.Build.0 = Debug|x64
		{288B71C8-9FEB-449E-9E3B-0D7652AF0D82}.Release|x64.ActiveCfg = Release|x64
		{288B71C8-9FEB-449E-9E3B-0D7652AF0D82}.Release|x64.Build.0 = Release|x64
		{8BE64469-5A8B-4DE3-9402-4A657A20DEAB}.Debug|x64.ActiveCfg = Debug|x64
		{8BE64469-5A8B-4DE3-9402-4A657A20DEAB}.Debug|x64.Build.0 = Debug|x64
		{8BE64469-5A8B-4DE3-9402-4A657A20DEAB}.Release|x64.ActiveCfg = Release|x64
		{8BE64469-5A8B-4DE3-9402-4A657A20DEAB}.Release|x64.Build.0 = Release|x64
		{0D9133BD-1415-4462-BD64-85DCB237BC87}.Debug|x64.ActiveCfg = Debug|x64
		{0D9133BD-1415-4462-BD64-85DCB237BC87}.Debug|x64.Build.0 = Debug|x64
		{0D9133BD-1415-4462-BD64-85DCB237BC87}.Release|x64.ActiveCfg = Release|x64
		{0D9133BD-1415-4462-BD64-85DCB237BC87}.Release|x64.Build.0 = Release|x64
		{DC7290C0-4211-4213-A2F8-662AB8FB6573}.Debug|x64.ActiveCfg = Debug|x64
		{DC7290C0-4211-4213-A2F8-662AB8FB6573}.Debug|x64.Build.0 = Debug|x64
		{DC7290C0-4211-4213-A2F8-662AB8FB6573}.Release|x64.ActiveCfg = Release|x64
		{DC7290C0-4211-4213-A2F8-662AB8FB6573}.Release|x64.Build.0 = Release|x64
		{63A1C39F-3077-44CF-9D2D-C9AEDB123E0D}.Debug|x64.ActiveCfg = Debug|x64
		{63A1C39F-3077-44CF-9D2D-C9AEDB123E0D}.Debug|x64.Build.0 = Debug|x64
		{63A1C39F-3077-44CF-9D2D-C9AEDB123E0D}.Release|x64.ActiveCfg = Release|x64
		{63A1C39F-3077-44CF-9D2D-C9AEDB123E0D}.Release|x64.Build.0 = Release|x64
		{A5C52314-4128-45C0-AADB-F3B5B908CFB6}.Debug|x64.ActiveCfg = Debug|x64
		{A5C52314-4128-45C0-AADB-F3B5B908CFB6}.Debug|x64.Build.0 = Debug|x64
		{A5C52314-4128-45C0-AADB-F3B5B908CFB6}.Release|x64.ActiveCfg = Release|x64
		{A5C52314-4128-45C0-AADB-F3B5B908CFB6}.Release|x64.Build.0 = Release|x64
		{46DDBFB0-2576-4E77-AE7D-BF8334F18AD4}.Debug|x64.ActiveCfg = Debug|x64
		{46DDBFB0-2576-4E77-AE7D-BF8334F18AD4}.Debug|x64.Build.0 = Debug|x64
		{46DDBFB0-2576-4E77-AE7D-BF8334F18AD4}.Release|x64.ActiveCfg = Release|x64
		{46DDBFB0-2576-4E77-AE7D-BF8334F18AD4}.Release|x64.Build.0 = Release|x64
		{B54F2232-71A8-4984-A8D9-9E04BFDB2123}.Debug|x64.ActiveCfg = Debug|x64
		{B54F2232-71A8-4984-A8D9-9E04BFDB2123}.Debug|x64.Build.0 = Debug|x64
		{B54F2232-71A8-4984-A8D9-9E04BFDB2123}.Release|x64.ActiveCfg = Release|x64
		{B54F2232-71A8-4984-A8D9-9E04BFDB2123}.Release|x64.Build.0 = Release|x64
		{5B827056-2615-41F6-9F32-C91766BA7EDE}.Debug|x64.ActiveCfg = Debug|x64
		{5B827056-2615-41F6-9F32-C91766BA7EDE}.Debug|x64.Build.0 = Debug|x64
		{5B827056-2615-41F6-9F32-C91766BA7EDE}.Release|x64.ActiveCfg = Release|x64
		{5B827056-2615-41F6-9F32-C91766BA7EDE}.Release|x64.Build.0 = Release|x64
		{FE3BC27D-9B4F-4063-A6A5-04B38F79AD64}.Debug|x64.ActiveCfg = Debug|x64
		{FE3BC27D-9B4F-4063-A6A5-04B38F79AD64}.Debug|x64.Build.0 = Debug|x64
		{FE3BC27D-9B4F-4063-A6A5-04B38F79AD64}.Release|x64.ActiveCfg = Release|x64
		{FE3BC27D-9B4F-4063-A6A5-04B38F79AD64}.Release|x64.Build.0 = Release|x64
		{2A90A043-78EA-49FE-9728-B9C97D47F9B1}.Debug|x64.ActiveCfg = Debug|x64
		{2A90A043-78EA-49FE-9728-B9C97D47F9B1}.Debug|x64.Build.0 = Debug|x64
		{2A90A043-78EA-49FE-9728-B9C97D47F9B1}.Release|x64.ActiveCfg = Release|x64
		{2A90A043-78EA-49FE-9728-B9C97D47F9B1}.Release|x64.Build.0 = Release|x64
		{26DAA849-8951-7A41-BEED-C4527F23D6F0}.Debug|x64.ActiveCfg = Debug|x64
		{26DAA849-8951-7A41-BEED-C4527F23D6F0}.Debug|x64.Build.0 = Debug|x64
		{26DAA849-8951-7A41-BEED-C4527F23D6F0}.Release|x64.ActiveCfg = Release|x64
		{26DAA849-8951-7A41-BEED-C4527F23D6F0}.Release|x64.Build.0 = Release|x64
		{D13D649C-8203-D34B-9392-A2976CA61C43}.Debug|x64.ActiveCfg = Debug|x64
		{D13D649C-8203-D34B-9392-A2976CA61C43}.Debug|x64.Build.0 = Debug|x64
		{D13D649C-8203-D34B-9392-A2976CA61C43}.Release|x64.ActiveCfg = Release|x64
		{D13D649C-8203-D34B-9392-A2976CA61C43}.Release|x64.Build.0 = Release|x64
		{3ACA3994-4671-854D-994B-69E4E9BCBD45}.Debug|x64.ActiveCfg = Debug|x64
		{3ACA3994-4671-854D-994B-69E4E9BCBD45}.Debug|x64.Build.0 = Debug|x64
		{3ACA3994-4671-854D-994B-69E4E9BCBD45}.Release|x64.ActiveCfg = Release|x64
		{3ACA3994-4671-854D-994B-69E4E9BCBD45}.Release|x64.Build.0 = Release|x64
		{85E9BBF6-200E-4E47-892B-0D9162FFB038}.Debug|x64.ActiveCfg = Debug|x64
		{85E9BBF6-200E-4E47-892B-0D9162FFB038}.Debug|x64.Build.0 = Debug|x64
		{85E9BBF6-200E-4E47-892B-0D9162FFB038}.Release|x64.ActiveCfg = Release|x64
		{85E9BBF6-200E-4E47-892B-0D9162FFB038}.Release|x64.Build.0 = Release|x64
		{3B13137B-CDA2-F544-862E-F08FAD08D473}.Debug|x64.ActiveCfg = Debug|x64
		{3B13137B-CDA2-F544-862E-F08FAD08D473}.Debug|x64.Build.0 = Debug|x64
		{3B13137B-CDA2-F544-862E-F08FAD08D473}.Release|x64.ActiveCfg = Release|x64
		{3B13137B-CDA2-F544-862E-F08FAD08D473}.Release|x64.Build.0 = Release|x64
		{8A606C32-3A4C-43B8-9EDD-00719476DC41}.Debug|x64.ActiveCfg = Debug|x64
		{8A606C32-3A4C-43B8-9EDD-00719476DC41}.Debug|x64.Build.0 = Debug|x64
		{8A606C32-3A4C-43B8-9EDD-00719476DC41}.Release|x64.ActiveCfg = Release|x64
		{8A606C32-3A4C-43B8-9EDD-00719476DC41}.Release|x64.Build.0 = Release|x64
		{2AB43521-E722-408B-99ED-06244D60EFEB}.Debug|x64.ActiveCfg = Debug|x64
		{2AB43521-E722-408B-99ED-06244D60EFEB}.Debug|x64.Build.0 = Debug|x64
		{2AB43521-E722-408B-99ED-06244D60EFEB}.Release|x64.ActiveCfg = Release|x64
		{2AB43521-E722-408B-99ED-06244D60EFEB}.Release|x64.Build.0 = Release|x64
		{FE259592-7484-4A90-ABE5-DB67ACB0BF5C}.Debug|x64.ActiveCfg = Debug|x64
		{FE259592-7484-4A90-ABE5-DB67ACB0BF5C}.Debug|x64.Build.0 = Debug|x64
		{FE259592-7484-4A90-ABE5-DB67ACB0BF5C}.Release|x64.ActiveCfg = Release|x64
		{FE259592-7484-4A90-ABE5-DB67ACB0BF5C}.Release|x64.Build.0 = Release|x64
		{EE33EA5D-C0DF-491B-914F-E149C89E6E73}.Debug|x64.ActiveCfg = Debug|x64
		{EE33EA5D-C0DF-491B-914F-E149C89E6E73}.Debug|x64.Build.0 = Debug|x64
		{EE33EA5D-C0DF-491B-914F-E149C89E6E73}.Release|x64.ActiveCfg = Release|x64
		{EE33EA5D-C0DF-491B-914F-E149C89E6E73}.Release|x64.Build.0 = Release|x64
	EndGlobalSection
	GlobalSection(SolutionProperties) = preSolution
		HideSolutionNode = FALSE
	EndGlobalSection
	GlobalSection(NestedProjects) = preSolution
		{91078F02-5C23-4458-AE68-F442CE01C4AA} = {F4B1B772-3C4E-41A9-B391-13588CD8FE0E}
		{2C4BAD8D-3EBD-4919-B7AB-69B36DF25F10} = {F4B1B772-3C4E-41A9-B391-13588CD8FE0E}
		{9F62DB07-EA42-4388-82AB-E6FAA371F353} = {198CFF9F-50E3-4B53-AAD3-1278349E03DE}
		{600299D7-7501-49C5-9A25-48378F5085BA} = {F4B1B772-3C4E-41A9-B391-13588CD8FE0E}
		{288B71C8-9FEB-449E-9E3B-0D7652AF0D82} = {F4B1B772-3C4E-41A9-B391-13588CD8FE0E}
		{8BE64469-5A8B-4DE3-9402-4A657A20DEAB} = {198CFF9F-50E3-4B53-AAD3-1278349E03DE}
		{0D9133BD-1415-4462-BD64-85DCB237BC87} = {C4FA1D30-1EF2-48FF-A512-9429AF9B92D5}
		{DC7290C0-4211-4213-A2F8-662AB8FB6573} = {29B4724C-54AF-47FA-ADAD-B8BE6CAF5FCC}
		{63A1C39F-3077-44CF-9D2D-C9AEDB123E0D} = {F4B1B772-3C4E-41A9-B391-13588CD8FE0E}
		{A5C52314-4128-45C0-AADB-F3B5B908CFB6} = {E1F6BF30-6BE9-4675-A19A-CE6AD9207171}
		{46DDBFB0-2576-4E77-AE7D-BF8334F18AD4} = {E1F6BF30-6BE9-4675-A19A-CE6AD9207171}
		{B54F2232-71A8-4984-A8D9-9E04BFDB2123} = {E1F6BF30-6BE9-4675-A19A-CE6AD9207171}
		{5B827056-2615-41F6-9F32-C91766BA7EDE} = {F4B1B772-3C4E-41A9-B391-13588CD8FE0E}
		{FE3BC27D-9B4F-4063-A6A5-04B38F79AD64} = {F4B1B772-3C4E-41A9-B391-13588CD8FE0E}
		{2A90A043-78EA-49FE-9728-B9C97D47F9B1} = {C4FA1D30-1EF2-48FF-A512-9429AF9B92D5}
		{C7331206-133C-42BE-BDB1-7611F57AC8FD} = {198CFF9F-50E3-4B53-AAD3-1278349E03DE}
		{26DAA849-8951-7A41-BEED-C4527F23D6F0} = {C7331206-133C-42BE-BDB1-7611F57AC8FD}
		{D13D649C-8203-D34B-9392-A2976CA61C43} = {C7331206-133C-42BE-BDB1-7611F57AC8FD}
		{3ACA3994-4671-854D-994B-69E4E9BCBD45} = {C7331206-133C-42BE-BDB1-7611F57AC8FD}
		{85E9BBF6-200E-4E47-892B-0D9162FFB038} = {C7331206-133C-42BE-BDB1-7611F57AC8FD}
		{3B13137B-CDA2-F544-862E-F08FAD08D473} = {C7331206-133C-42BE-BDB1-7611F57AC8FD}
		{8A606C32-3A4C-43B8-9EDD-00719476DC41} = {F4B1B772-3C4E-41A9-B391-13588CD8FE0E}
		{2AB43521-E722-408B-99ED-06244D60EFEB} = {16F304F7-5C65-4E69-B286-23F00DDE6C96}
		{FE259592-7484-4A90-ABE5-DB67ACB0BF5C} = {F4B1B772-3C4E-41A9-B391-13588CD8FE0E}
		{EE33EA5D-C0DF-491B-914F-E149C89E6E73} = {198CFF9F-50E3-4B53-AAD3-1278349E03DE}
	EndGlobalSection
EndGlobal
